
Microsoft Visual Studio Solution File, Format Version 12.00
# Visual Studio 15
VisualStudioVersion = 15.0.28307.168
MinimumVisualStudioVersion = 10.0.40219.1
Project("{00D1A9C2-B5F0-4AF3-8072-F6C62B433612}") = "MyWirelessRawData", "MyWirelessRawData\MyWirelessRawData.sqlproj", "{E21AAC90-A6B5-4794-B106-9387D87040A8}"
EndProject
Project("{00D1A9C2-B5F0-4AF3-8072-F6C62B433612}") = "MyWirelessDW", "MyWirelessDW\MyWirelessDW.sqlproj", "{A946C7C7-AD1E-4E97-9ADB-D648A40B6C11}"
EndProject
Project("{00D1A9C2-B5F0-4AF3-8072-F6C62B433612}") = "MyWirelessStaging", "MyWirelessStaging\MyWirelessStaging.sqlproj", "{58431BE7-7745-4FE4-B5E0-9C112CD757D6}"
EndProject
Global
	GlobalSection(SolutionConfigurationPlatforms) = preSolution
		Debug|Any CPU = Debug|Any CPU
		Release|Any CPU = Release|Any CPU
	EndGlobalSection
	GlobalSection(ProjectConfigurationPlatforms) = postSolution
		{E21AAC90-A6B5-4794-B106-9387D87040A8}.Debug|Any CPU.ActiveCfg = Debug|Any CPU
		{E21AAC90-A6B5-4794-B106-9387D87040A8}.Debug|Any CPU.Build.0 = Debug|Any CPU
		{E21AAC90-A6B5-4794-B106-9387D87040A8}.Debug|Any CPU.Deploy.0 = Debug|Any CPU
		{E21AAC90-A6B5-4794-B106-9387D87040A8}.Release|Any CPU.ActiveCfg = Release|Any CPU
		{E21AAC90-A6B5-4794-B106-9387D87040A8}.Release|Any CPU.Build.0 = Release|Any CPU
		{E21AAC90-A6B5-4794-B106-9387D87040A8}.Release|Any CPU.Deploy.0 = Release|Any CPU
		{A946C7C7-AD1E-4E97-9ADB-D648A40B6C11}.Debug|Any CPU.ActiveCfg = Debug|Any CPU
		{A946C7C7-AD1E-4E97-9ADB-D648A40B6C11}.Debug|Any CPU.Build.0 = Debug|Any CPU
		{A946C7C7-AD1E-4E97-9ADB-D648A40B6C11}.Debug|Any CPU.Deploy.0 = Debug|Any CPU
		{A946C7C7-AD1E-4E97-9ADB-D648A40B6C11}.Release|Any CPU.ActiveCfg = Release|Any CPU
		{A946C7C7-AD1E-4E97-9ADB-D648A40B6C11}.Release|Any CPU.Build.0 = Release|Any CPU
		{A946C7C7-AD1E-4E97-9ADB-D648A40B6C11}.Release|Any CPU.Deploy.0 = Release|Any CPU
		{58431BE7-7745-4FE4-B5E0-9C112CD757D6}.Debug|Any CPU.ActiveCfg = Debug|Any CPU
		{58431BE7-7745-4FE4-B5E0-9C112CD757D6}.Debug|Any CPU.Build.0 = Debug|Any CPU
		{58431BE7-7745-4FE4-B5E0-9C112CD757D6}.Debug|Any CPU.Deploy.0 = Debug|Any CPU
		{58431BE7-7745-4FE4-B5E0-9C112CD757D6}.Release|Any CPU.ActiveCfg = Release|Any CPU
		{58431BE7-7745-4FE4-B5E0-9C112CD757D6}.Release|Any CPU.Build.0 = Release|Any CPU
		{58431BE7-7745-4FE4-B5E0-9C112CD757D6}.Release|Any CPU.Deploy.0 = Release|Any CPU
	EndGlobalSection
	GlobalSection(SolutionProperties) = preSolution
		HideSolutionNode = FALSE
	EndGlobalSection
	GlobalSection(ExtensibilityGlobals) = postSolution
		SolutionGuid = {1E5475C3-A0CD-4353-B4AA-D5E04DE2050A}
	EndGlobalSection
EndGlobal
